schema: '2.0'
stages:
  data_ingestion:
    cmd: python -m src.data_ingestion
    deps:
    - path: src/data_ingestion.py
      hash: md5
      md5: e2d649487e7660d2f12999f31f59782f
      size: 2900
    params:
      params.yaml:
        data_ingestion.test_size: 0.1
    outs:
    - path: data/raw
      hash: md5
      md5: 2dd957c5dd3af3e374ebf28b269feaf5.dir
      size: 484846
      nfiles: 2
  data_preprocessing:
    cmd: python -m src.data_preprocessing
    deps:
    - path: data/raw
      hash: md5
      md5: 2dd957c5dd3af3e374ebf28b269feaf5.dir
      size: 484846
      nfiles: 2
    - path: src/data_preprocessing.py
      hash: md5
      md5: dc8125251c335e78f12c26ca635bcd73
      size: 3504
    outs:
    - path: data/interim
      hash: md5
      md5: 5f0f410ff119da7fda45df573fa6226e.dir
      size: 274367
      nfiles: 2
  feature_engineering:
    cmd: python -m src.feature_engineering
    deps:
    - path: data/interim
      hash: md5
      md5: 5f0f410ff119da7fda45df573fa6226e.dir
      size: 274367
      nfiles: 2
    - path: src/feature_engineering.py
      hash: md5
      md5: d0d292fc49ef016629d67878a796f417
      size: 2961
    params:
      params.yaml:
        feature_engineering.max_features: 50
    outs:
    - path: data/processed
      hash: md5
      md5: 0451079f567dc8bde7652b037d2ab086.dir
      size: 1166385
      nfiles: 2
  model_training:
    cmd: python -m src.model_training
    deps:
    - path: data/processed
      hash: md5
      md5: 0451079f567dc8bde7652b037d2ab086.dir
      size: 1166385
      nfiles: 2
    - path: src/model_training.py
      hash: md5
      md5: 9f40ee1c6b6d53740bbb1d5e0a821960
      size: 2754
    params:
      params.yaml:
        model_training.n_estimators: 10
        model_training.random_state: 4
    outs:
    - path: models/model.pkl
      hash: md5
      md5: 9835efa8f5417d936a5a08bda27dd825
      size: 438507
  model_evaluation:
    cmd: python -m src.model_evaluater
    deps:
    - path: models/model.pkl
      hash: md5
      md5: 9835efa8f5417d936a5a08bda27dd825
      size: 438507
    - path: src/model_evaluater.py
      hash: md5
      md5: 3712b2fee7d15dbf47827a51684812f2
      size: 3260
    outs:
    - path: reports/metrics.json
      hash: md5
      md5: 4806b5fbec20a825c1b838ebb513c98b
      size: 144
