schema: '2.0'
stages:
  data_ingestion:
    cmd: python -m src.data_ingestion
    deps:
    - path: src/data_ingestion.py
      hash: md5
      md5: e2d649487e7660d2f12999f31f59782f
      size: 2900
    params:
      params.yaml:
        data_ingestion.test_size: 0.2
    outs:
    - path: data/raw
      hash: md5
      md5: 3b3cf3a9ca588cc150553eee569b3fe3.dir
      size: 484846
      nfiles: 2
  data_preprocessing:
    cmd: python -m src.data_preprocessing
    deps:
    - path: data/raw
      hash: md5
      md5: 3b3cf3a9ca588cc150553eee569b3fe3.dir
      size: 484846
      nfiles: 2
    - path: src/data_preprocessing.py
      hash: md5
      md5: dc8125251c335e78f12c26ca635bcd73
      size: 3504
    outs:
    - path: data/interim
      hash: md5
      md5: 7d55e840431d72046ce15edc741173a9.dir
      size: 277961
      nfiles: 2
  feature_engineering:
    cmd: python -m src.feature_engineering
    deps:
    - path: data/interim
      hash: md5
      md5: 7d55e840431d72046ce15edc741173a9.dir
      size: 277961
      nfiles: 2
    - path: src/feature_engineering.py
      hash: md5
      md5: d0d292fc49ef016629d67878a796f417
      size: 2961
    params:
      params.yaml:
        feature_engineering.max_features: 25
    outs:
    - path: data/processed
      hash: md5
      md5: b758af6a77baecd36b264add88d87a61.dir
      size: 599343
      nfiles: 2
  model_training:
    cmd: python -m src.model_training
    deps:
    - path: data/processed
      hash: md5
      md5: b758af6a77baecd36b264add88d87a61.dir
      size: 599343
      nfiles: 2
    - path: src/model_training.py
      hash: md5
      md5: f4662ccc8004ef18cd4255804c34f71b
      size: 2590
    params:
      params.yaml:
        model_training.n_estimators: 5
        model_training.random_state: 4
    outs:
    - path: models/model.pkl
      hash: md5
      md5: 190e0bb5722f0dc9f97bbd502872772d
      size: 124376
  model_evaluation:
    cmd: python -m src.model_evaluater
    deps:
    - path: models/model.pkl
      hash: md5
      md5: 190e0bb5722f0dc9f97bbd502872772d
      size: 124376
    - path: src/model_evaluater.py
      hash: md5
      md5: 4cd0891c57a3e609b1593a7a43c6eca0
      size: 3341
    outs:
    - path: reports/metrics.json
      hash: md5
      md5: 828b3ca1815421be4f4d7832564abae3
      size: 145
